
Microsoft Visual Studio Solution File, Format Version 12.00
# Visual Studio 15
VisualStudioVersion = 15.0.27130.2003
MinimumVisualStudioVersion = 10.0.40219.1
Project("{FAE04EC0-301F-11D3-BF4B-00C04F79EFBC}") = "CompetitiveProgCsLib", "CompetitiveProgCsLib\CompetitiveProgCsLib.csproj", "{A2822EC7-FD9D-407F-8420-DAFE1948F4D9}"
EndProject
Global
	GlobalSection(SolutionConfigurationPlatforms) = preSolution
		Debug|Any CPU = Debug|Any CPU
		Release|Any CPU = Release|Any CPU
	EndGlobalSection
	GlobalSection(ProjectConfigurationPlatforms) = postSolution
		{A2822EC7-FD9D-407F-8420-DAFE1948F4D9}.Debug|Any CPU.ActiveCfg = Debug|Any CPU
		{A2822EC7-FD9D-407F-8420-DAFE1948F4D9}.Debug|Any CPU.Build.0 = Debug|Any CPU
		{A2822EC7-FD9D-407F-8420-DAFE1948F4D9}.Release|Any CPU.ActiveCfg = Release|Any CPU
		{A2822EC7-FD9D-407F-8420-DAFE1948F4D9}.Release|Any CPU.Build.0 = Release|Any CPU
	EndGlobalSection
	GlobalSection(SolutionProperties) = preSolution
		HideSolutionNode = FALSE
	EndGlobalSection
	GlobalSection(ExtensibilityGlobals) = postSolution
		SolutionGuid = {15AE25CA-DD6A-4516-B64D-E781A797F54C}
	EndGlobalSection
EndGlobal
